
Microsoft Visual Studio Solution File, Format Version 12.00
# Visual Studio Version 16
VisualStudioVersion = 16.0.29911.84
MinimumVisualStudioVersion = 10.0.40219.1
Project("{8BC9CEB8-8B4A-11D0-8D11-00A0C91BC942}") = "TEST", "TEST\TEST.vcxproj", "{707AB645-389C-4F81-B2CA-2D53B8420127}"
EndProject
Global
	GlobalSection(SolutionConfigurationPlatforms) = preSolution
		Debug|x64 = Debug|x64
		Debug|x86 = Debug|x86
		Release|x64 = Release|x64
		Release|x86 = Release|x86
	EndGlobalSection
	GlobalSection(ProjectConfigurationPlatforms) = postSolution
		{707AB645-389C-4F81-B2CA-2D53B8420127}.Debug|x64.ActiveCfg = Debug|x64
		{707AB645-389C-4F81-B2CA-2D53B8420127}.Debug|x64.Build.0 = Debug|x64
		{707AB645-389C-4F81-B2CA-2D53B8420127}.Debug|x86.ActiveCfg = Debug|Win32
		{707AB645-389C-4F81-B2CA-2D53B8420127}.Debug|x86.Build.0 = Debug|Win32
		{707AB645-389C-4F81-B2CA-2D53B8420127}.Release|x64.ActiveCfg = Release|x64
		{707AB645-389C-4F81-B2CA-2D53B8420127}.Release|x64.Build.0 = Release|x64
		{707AB645-389C-4F81-B2CA-2D53B8420127}.Release|x86.ActiveCfg = Release|Win32
		{707AB645-389C-4F81-B2CA-2D53B8420127}.Release|x86.Build.0 = Release|Win32
	EndGlobalSection
	GlobalSection(SolutionProperties) = preSolution
		HideSolutionNode = FALSE
	EndGlobalSection
	GlobalSection(ExtensibilityGlobals) = postSolution
		SolutionGuid = {CA5332D2-CCAE-4867-97B7-F9CD356A93C2}
	EndGlobalSection
EndGlobal
