
Microsoft Visual Studio Solution File, Format Version 12.00
# Visual Studio Version 16
VisualStudioVersion = 16.0.29911.84
MinimumVisualStudioVersion = 10.0.40219.1
Project("{8BC9CEB8-8B4A-11D0-8D11-00A0C91BC942}") = "Assignment0409", "Assignment0409\Assignment0409.vcxproj", "{E1304109-D547-4F55-803D-A5EFE4923C02}"
EndProject
Global
	GlobalSection(SolutionConfigurationPlatforms) = preSolution
		Debug|x64 = Debug|x64
		Debug|x86 = Debug|x86
		Release|x64 = Release|x64
		Release|x86 = Release|x86
	EndGlobalSection
	GlobalSection(ProjectConfigurationPlatforms) = postSolution
		{E1304109-D547-4F55-803D-A5EFE4923C02}.Debug|x64.ActiveCfg = Debug|x64
		{E1304109-D547-4F55-803D-A5EFE4923C02}.Debug|x64.Build.0 = Debug|x64
		{E1304109-D547-4F55-803D-A5EFE4923C02}.Debug|x86.ActiveCfg = Debug|Win32
		{E1304109-D547-4F55-803D-A5EFE4923C02}.Debug|x86.Build.0 = Debug|Win32
		{E1304109-D547-4F55-803D-A5EFE4923C02}.Release|x64.ActiveCfg = Release|x64
		{E1304109-D547-4F55-803D-A5EFE4923C02}.Release|x64.Build.0 = Release|x64
		{E1304109-D547-4F55-803D-A5EFE4923C02}.Release|x86.ActiveCfg = Release|Win32
		{E1304109-D547-4F55-803D-A5EFE4923C02}.Release|x86.Build.0 = Release|Win32
	EndGlobalSection
	GlobalSection(SolutionProperties) = preSolution
		HideSolutionNode = FALSE
	EndGlobalSection
	GlobalSection(ExtensibilityGlobals) = postSolution
		SolutionGuid = {CD7238AB-B081-4B54-8A3A-C2B694A4FCFF}
	EndGlobalSection
EndGlobal
